
Microsoft Visual Studio Solution File, Format Version 12.00
# Visual Studio 15
VisualStudioVersion = 15.0.28307.329
MinimumVisualStudioVersion = 10.0.40219.1
Project("{FAE04EC0-301F-11D3-BF4B-00C04F79EFBC}") = "dotNetWorms", "dotNetWorms\dotNetWorms.csproj", "{66C08969-DDBE-428A-A571-EF9049F11A1F}"
EndProject
Global
	GlobalSection(SolutionConfigurationPlatforms) = preSolution
		Debug|Any CPU = Debug|Any CPU
		Release|Any CPU = Release|Any CPU
	EndGlobalSection
	GlobalSection(ProjectConfigurationPlatforms) = postSolution
		{66C08969-DDBE-428A-A571-EF9049F11A1F}.Debug|Any CPU.ActiveCfg = Debug|Any CPU
		{66C08969-DDBE-428A-A571-EF9049F11A1F}.Debug|Any CPU.Build.0 = Debug|Any CPU
		{66C08969-DDBE-428A-A571-EF9049F11A1F}.Release|Any CPU.ActiveCfg = Release|Any CPU
		{66C08969-DDBE-428A-A571-EF9049F11A1F}.Release|Any CPU.Build.0 = Release|Any CPU
	EndGlobalSection
	GlobalSection(SolutionProperties) = preSolution
		HideSolutionNode = FALSE
	EndGlobalSection
	GlobalSection(ExtensibilityGlobals) = postSolution
		SolutionGuid = {5F056F6D-C717-4D59-900C-6FEB01D77C3C}
	EndGlobalSection
EndGlobal
